
Microsoft Visual Studio Solution File, Format Version 12.00
# Visual Studio Version 17
VisualStudioVersion = 17.0.31903.59
MinimumVisualStudioVersion = 10.0.40219.1
Project("{FAE04EC0-301F-11D3-BF4B-00C04F79EFBC}") = "Lesson7Open", "Lesson7Open.csproj", "{3F603A80-060E-4943-80D2-51957468C2D7}"
EndProject
Global
	GlobalSection(SolutionConfigurationPlatforms) = preSolution
		Debug|Any CPU = Debug|Any CPU
		Release|Any CPU = Release|Any CPU
	EndGlobalSection
	GlobalSection(ProjectConfigurationPlatforms) = postSolution
		{3F603A80-060E-4943-80D2-51957468C2D7}.Debug|Any CPU.ActiveCfg = Debug|Any CPU
		{3F603A80-060E-4943-80D2-51957468C2D7}.Debug|Any CPU.Build.0 = Debug|Any CPU
		{3F603A80-060E-4943-80D2-51957468C2D7}.Release|Any CPU.ActiveCfg = Release|Any CPU
		{3F603A80-060E-4943-80D2-51957468C2D7}.Release|Any CPU.Build.0 = Release|Any CPU
	EndGlobalSection
	GlobalSection(SolutionProperties) = preSolution
		HideSolutionNode = FALSE
	EndGlobalSection
	GlobalSection(ExtensibilityGlobals) = postSolution
		SolutionGuid = {62BE3D54-9DF4-472B-8B37-F64E89DBE62A}
	EndGlobalSection
EndGlobal
